
Microsoft Visual Studio Solution File, Format Version 12.00
# Visual Studio Version 17
VisualStudioVersion = 17.6.33801.468
MinimumVisualStudioVersion = 10.0.40219.1
Project("{FAE04EC0-301F-11D3-BF4B-00C04F79EFBC}") = "ConsoleApp3", "ConsoleApp3.csproj", "{3232E4B3-DEDB-44CE-B2EF-AF93B91E66DE}"
EndProject
Global
	GlobalSection(SolutionConfigurationPlatforms) = preSolution
		Debug|Any CPU = Debug|Any CPU
		Release|Any CPU = Release|Any CPU
	EndGlobalSection
	GlobalSection(ProjectConfigurationPlatforms) = postSolution
		{3232E4B3-DEDB-44CE-B2EF-AF93B91E66DE}.Debug|Any CPU.ActiveCfg = Debug|Any CPU
		{3232E4B3-DEDB-44CE-B2EF-AF93B91E66DE}.Debug|Any CPU.Build.0 = Debug|Any CPU
		{3232E4B3-DEDB-44CE-B2EF-AF93B91E66DE}.Release|Any CPU.ActiveCfg = Release|Any CPU
		{3232E4B3-DEDB-44CE-B2EF-AF93B91E66DE}.Release|Any CPU.Build.0 = Release|Any CPU
	EndGlobalSection
	GlobalSection(SolutionProperties) = preSolution
		HideSolutionNode = FALSE
	EndGlobalSection
	GlobalSection(ExtensibilityGlobals) = postSolution
		SolutionGuid = {8E8DC51E-A921-4D64-9688-CFD273479183}
	EndGlobalSection
EndGlobal
